PODS:
  - FTMacOSSDK (0.0.1-alpha.1):
    - FTMacOSSDK/SDKCore (= 0.0.1-alpha.1)
  - FTMacOSSDK/SDKCore (0.0.1-alpha.1):
    - FTMobileSDK/Common (~> 1.2.5-alpha.1)
  - FTMobileSDK/Common (1.2.5-alpha.1)

DEPENDENCIES:
  - FTMacOSSDK (from `./`)

SPEC REPOS:
  trunk:
    - FTMobileSDK

EXTERNAL SOURCES:
  FTMacOSSDK:
    :path: "./"

SPEC CHECKSUMS:
  FTMacOSSDK: 57708ff6520c08f5bca1000be6187fce5637bf37
  FTMobileSDK: 0be01706f84bd525e4d2585557effaf998904a9b

PODFILE CHECKSUM: e4c7dff8c1937b061895eb5e19867cf786dbe7db

COCOAPODS: 1.10.1
