PODS:
  - FTMacOSSDK (0.0.1-alpha.1):
    - FTMacOSSDK/SDKCore (= 0.0.1-alpha.1)
  - FTMacOSSDK/SDKCore (0.0.1-alpha.1):
    - FTMobileSDK (= 1.3.12-alpha.1)
  - FTMobileSDK (1.3.12-alpha.1):
    - FTMobileSDK/Core (= 1.3.12-alpha.1)
  - FTMobileSDK/Common (1.3.12-alpha.1):
    - FTMobileSDK/Common/Base (= 1.3.12-alpha.1)
    - FTMobileSDK/Common/FTDataBase (= 1.3.12-alpha.1)
    - FTMobileSDK/Common/Network (= 1.3.12-alpha.1)
    - FTMobileSDK/Common/Swizzle (= 1.3.12-alpha.1)
    - FTMobileSDK/Common/Thread (= 1.3.12-alpha.1)
  - FTMobileSDK/Common/Base (1.3.12-alpha.1)
  - FTMobileSDK/Common/FTDataBase (1.3.12-alpha.1):
    - FTMobileSDK/Common/Base
  - FTMobileSDK/Common/Network (1.3.12-alpha.1):
    - FTMobileSDK/Common/FTDataBase
    - FTMobileSDK/Common/Thread
  - FTMobileSDK/Common/Swizzle (1.3.12-alpha.1):
    - FTMobileSDK/Common/Base
  - FTMobileSDK/Common/Thread (1.3.12-alpha.1)
  - FTMobileSDK/Core (1.3.12-alpha.1):
    - FTMobileSDK/FTMacOSSupport
    - FTMobileSDK/FTMobileAgent
  - FTMobileSDK/FTMacOSSupport (1.3.12-alpha.1):
    - FTMobileSDK/Common
    - FTMobileSDK/FunctionModule
  - FTMobileSDK/FunctionModule (1.3.12-alpha.1):
    - FTMobileSDK/FunctionModule/Exception (= 1.3.12-alpha.1)
    - FTMobileSDK/FunctionModule/FTRUM (= 1.3.12-alpha.1)
    - FTMobileSDK/FunctionModule/FTWKWebView (= 1.3.12-alpha.1)
    - FTMobileSDK/FunctionModule/LongTask (= 1.3.12-alpha.1)
    - FTMobileSDK/FunctionModule/Protocol (= 1.3.12-alpha.1)
    - FTMobileSDK/FunctionModule/URLSessionAutoInstrumentation (= 1.3.12-alpha.1)
  - FTMobileSDK/FunctionModule/Exception (1.3.12-alpha.1):
    - FTMobileSDK/Common/Base
    - FTMobileSDK/FunctionModule/Protocol
  - FTMobileSDK/FunctionModule/FTRUM (1.3.12-alpha.1):
    - FTMobileSDK/Common/Base
    - FTMobileSDK/Common/Thread
    - FTMobileSDK/FunctionModule/Protocol
  - FTMobileSDK/FunctionModule/FTWKWebView (1.3.12-alpha.1):
    - FTMobileSDK/Common/Base
    - FTMobileSDK/Common/Swizzle
    - FTMobileSDK/FunctionModule/Protocol
  - FTMobileSDK/FunctionModule/LongTask (1.3.12-alpha.1):
    - FTMobileSDK/Common
  - FTMobileSDK/FunctionModule/Protocol (1.3.12-alpha.1)
  - FTMobileSDK/FunctionModule/URLSessionAutoInstrumentation (1.3.12-alpha.1):
    - FTMobileSDK/Common/Base
    - FTMobileSDK/Common/Swizzle
    - FTMobileSDK/FunctionModule/Protocol

DEPENDENCIES:
  - FTMacOSSDK (from `./`)

SPEC REPOS:
  trunk:
    - FTMobileSDK

EXTERNAL SOURCES:
  FTMacOSSDK:
    :path: "./"

SPEC CHECKSUMS:
  FTMacOSSDK: 217e146c97703fcc9a411bf0269a6edf243329f7
  FTMobileSDK: 968cf702fd09316dd1aeac3d19a524d7afa35992

PODFILE CHECKSUM: 738dc4d1cd2e31e78e44e1ddacef8bdff2481624

COCOAPODS: 1.11.3
