{
  "pins" : [
    {
      "identity" : "datakit-ios",
      "kind" : "remoteSourceControl",
      "location" : "https://github.com/GuanceCloud/datakit-ios",
      "state" : {
        "branch" : "develop",
        "revision" : "218c603fcb80b66c7281c60659719f999a37997a"
      }
    }
  ],
  "version" : 2
}
